
Microsoft Visual Studio Solution File, Format Version 12.00
# Visual Studio Version 17
VisualStudioVersion = 17.12.35527.113
MinimumVisualStudioVersion = 10.0.40219.1
Project("{FAE04EC0-301F-11D3-BF4B-00C04F79EFBC}") = "Core", "Core\Core.csproj", "{244355BE-C5FB-4B2F-AD51-4FA901B6D89A}"
EndProject
Project("{FAE04EC0-301F-11D3-BF4B-00C04F79EFBC}") = "TestsUI", "TestsUI\TestsUI.csproj", "{86559049-11D4-461C-ACB2-86B6F95C2EFF}"
EndProject
Project("{FAE04EC0-301F-11D3-BF4B-00C04F79EFBC}") = "PWTests", "PWTests\PWTests.csproj", "{7E281BEC-3B35-4AFE-9B55-74DC8F687B9A}"
EndProject
Project("{FAE04EC0-301F-11D3-BF4B-00C04F79EFBC}") = "Business", "Business\Business.csproj", "{D765D1A3-14CC-4563-AE25-B7E158FFC3A3}"
Project("{FAE04EC0-301F-11D3-BF4B-00C04F79EFBC}") = "PWCore", "PWCore\PWCore.csproj", "{76A83CD6-DCDB-4280-8513-0AE39496DCC3}"
EndProject
Project("{FAE04EC0-301F-11D3-BF4B-00C04F79EFBC}") = "PWPages", "PWPages\PWPages.csproj", "{3EEBA8E6-81BD-4F4A-B661-EE6B6C93BDBB}"
EndProject
Global
	GlobalSection(SolutionConfigurationPlatforms) = preSolution
		Debug|Any CPU = Debug|Any CPU
		Release|Any CPU = Release|Any CPU
	EndGlobalSection
	GlobalSection(ProjectConfigurationPlatforms) = postSolution
		{244355BE-C5FB-4B2F-AD51-4FA901B6D89A}.Debug|Any CPU.ActiveCfg = Debug|Any CPU
		{244355BE-C5FB-4B2F-AD51-4FA901B6D89A}.Debug|Any CPU.Build.0 = Debug|Any CPU
		{244355BE-C5FB-4B2F-AD51-4FA901B6D89A}.Release|Any CPU.ActiveCfg = Release|Any CPU
		{244355BE-C5FB-4B2F-AD51-4FA901B6D89A}.Release|Any CPU.Build.0 = Release|Any CPU
		{86559049-11D4-461C-ACB2-86B6F95C2EFF}.Debug|Any CPU.ActiveCfg = Debug|Any CPU
		{86559049-11D4-461C-ACB2-86B6F95C2EFF}.Debug|Any CPU.Build.0 = Debug|Any CPU
		{86559049-11D4-461C-ACB2-86B6F95C2EFF}.Release|Any CPU.ActiveCfg = Release|Any CPU
		{86559049-11D4-461C-ACB2-86B6F95C2EFF}.Release|Any CPU.Build.0 = Release|Any CPU
		{7E281BEC-3B35-4AFE-9B55-74DC8F687B9A}.Debug|Any CPU.ActiveCfg = Debug|Any CPU
		{7E281BEC-3B35-4AFE-9B55-74DC8F687B9A}.Debug|Any CPU.Build.0 = Debug|Any CPU
		{7E281BEC-3B35-4AFE-9B55-74DC8F687B9A}.Release|Any CPU.ActiveCfg = Release|Any CPU
		{7E281BEC-3B35-4AFE-9B55-74DC8F687B9A}.Release|Any CPU.Build.0 = Release|Any CPU
		{D765D1A3-14CC-4563-AE25-B7E158FFC3A3}.Debug|Any CPU.ActiveCfg = Debug|Any CPU
		{D765D1A3-14CC-4563-AE25-B7E158FFC3A3}.Debug|Any CPU.Build.0 = Debug|Any CPU
		{D765D1A3-14CC-4563-AE25-B7E158FFC3A3}.Release|Any CPU.ActiveCfg = Release|Any CPU
		{D765D1A3-14CC-4563-AE25-B7E158FFC3A3}.Release|Any CPU.Build.0 = Release|Any CPU
		{76A83CD6-DCDB-4280-8513-0AE39496DCC3}.Debug|Any CPU.ActiveCfg = Debug|Any CPU
		{76A83CD6-DCDB-4280-8513-0AE39496DCC3}.Debug|Any CPU.Build.0 = Debug|Any CPU
		{76A83CD6-DCDB-4280-8513-0AE39496DCC3}.Release|Any CPU.ActiveCfg = Release|Any CPU
		{76A83CD6-DCDB-4280-8513-0AE39496DCC3}.Release|Any CPU.Build.0 = Release|Any CPU
		{3EEBA8E6-81BD-4F4A-B661-EE6B6C93BDBB}.Debug|Any CPU.ActiveCfg = Debug|Any CPU
		{3EEBA8E6-81BD-4F4A-B661-EE6B6C93BDBB}.Debug|Any CPU.Build.0 = Debug|Any CPU
		{3EEBA8E6-81BD-4F4A-B661-EE6B6C93BDBB}.Release|Any CPU.ActiveCfg = Release|Any CPU
		{3EEBA8E6-81BD-4F4A-B661-EE6B6C93BDBB}.Release|Any CPU.Build.0 = Release|Any CPU
	EndGlobalSection
	GlobalSection(SolutionProperties) = preSolution
		HideSolutionNode = FALSE
	EndGlobalSection
	GlobalSection(ExtensibilityGlobals) = postSolution
		SolutionGuid = {9B5EB2DE-7B64-40E8-8525-23BFB0F07711}
	EndGlobalSection
EndGlobal
